{
  "name": "shared",
  "version": "1.0.0",
  "lockfileVersion": 3,
  "requires": true,
  "packages": {
    "": {
      "name": "shared",
      "version": "1.0.0",
      "license": "ISC",
      "dependencies": {
        "quizmata": "file:.."
      }
    },
    "..": {
      "version": "1.0.0",
      "license": "ISC",
      "dependencies": {
        "zod": "^4.1.12"
      },
      "devDependencies": {
        "typescript": "^5.9.3"
      }
    },
    "node_modules/quizmata": {
      "resolved": "..",
      "link": true
    }
  }
}
